
Microsoft Visual Studio Solution File, Format Version 12.00
# Visual Studio 2013
VisualStudioVersion = 12.0.31101.0
MinimumVisualStudioVersion = 10.0.40219.1
Project("{FAE04EC0-301F-11D3-BF4B-00C04F79EFBC}") = "NewYear_installer", "asobi01\NewYear_installer.csproj", "{61665F35-A142-4B7F-BC9D-A6CB98C7066B}"
EndProject
Global
	GlobalSection(SolutionConfigurationPlatforms) = preSolution
		Debug|Any CPU = Debug|Any CPU
		Release|Any CPU = Release|Any CPU
	EndGlobalSection
	GlobalSection(ProjectConfigurationPlatforms) = postSolution
		{61665F35-A142-4B7F-BC9D-A6CB98C7066B}.Debug|Any CPU.ActiveCfg = Debug|Any CPU
		{61665F35-A142-4B7F-BC9D-A6CB98C7066B}.Debug|Any CPU.Build.0 = Debug|Any CPU
		{61665F35-A142-4B7F-BC9D-A6CB98C7066B}.Release|Any CPU.ActiveCfg = Release|Any CPU
		{61665F35-A142-4B7F-BC9D-A6CB98C7066B}.Release|Any CPU.Build.0 = Release|Any CPU
	EndGlobalSection
	GlobalSection(SolutionProperties) = preSolution
		HideSolutionNode = FALSE
	EndGlobalSection
EndGlobal
